
Microsoft Visual Studio Solution File, Format Version 12.00
# Visual Studio Version 17
VisualStudioVersion = 17.7.34202.233
MinimumVisualStudioVersion = 10.0.40219.1
Project("{FAE04EC0-301F-11D3-BF4B-00C04F79EFBC}") = "ApiAnswerSender", "ApiAnswerSender\ApiAnswerSender.csproj", "{661D643C-9307-47DB-B043-AFF48362CE03}"
EndProject
Project("{FAE04EC0-301F-11D3-BF4B-00C04F79EFBC}") = "ApiAnswerCaller", "ApiAnswerCaller\ApiAnswerCaller.csproj", "{01559DA6-F523-4C7F-9EE0-6D4B33581110}"
EndProject
Project("{E53339B2-1760-4266-BCC7-CA923CBCF16C}") = "docker-compose", "docker-compose.dcproj", "{AC859FA1-97CF-4E25-82CA-69A5821AC266}"
EndProject
Global
	GlobalSection(SolutionConfigurationPlatforms) = preSolution
		Debug|Any CPU = Debug|Any CPU
		Release|Any CPU = Release|Any CPU
	EndGlobalSection
	GlobalSection(ProjectConfigurationPlatforms) = postSolution
		{661D643C-9307-47DB-B043-AFF48362CE03}.Debug|Any CPU.ActiveCfg = Debug|Any CPU
		{661D643C-9307-47DB-B043-AFF48362CE03}.Debug|Any CPU.Build.0 = Debug|Any CPU
		{661D643C-9307-47DB-B043-AFF48362CE03}.Release|Any CPU.ActiveCfg = Release|Any CPU
		{661D643C-9307-47DB-B043-AFF48362CE03}.Release|Any CPU.Build.0 = Release|Any CPU
		{01559DA6-F523-4C7F-9EE0-6D4B33581110}.Debug|Any CPU.ActiveCfg = Debug|Any CPU
		{01559DA6-F523-4C7F-9EE0-6D4B33581110}.Debug|Any CPU.Build.0 = Debug|Any CPU
		{01559DA6-F523-4C7F-9EE0-6D4B33581110}.Release|Any CPU.ActiveCfg = Release|Any CPU
		{01559DA6-F523-4C7F-9EE0-6D4B33581110}.Release|Any CPU.Build.0 = Release|Any CPU
		{AC859FA1-97CF-4E25-82CA-69A5821AC266}.Debug|Any CPU.ActiveCfg = Debug|Any CPU
		{AC859FA1-97CF-4E25-82CA-69A5821AC266}.Debug|Any CPU.Build.0 = Debug|Any CPU
		{AC859FA1-97CF-4E25-82CA-69A5821AC266}.Release|Any CPU.ActiveCfg = Release|Any CPU
		{AC859FA1-97CF-4E25-82CA-69A5821AC266}.Release|Any CPU.Build.0 = Release|Any CPU
	EndGlobalSection
	GlobalSection(SolutionProperties) = preSolution
		HideSolutionNode = FALSE
	EndGlobalSection
	GlobalSection(ExtensibilityGlobals) = postSolution
		SolutionGuid = {EDE591DD-AC68-4E80-BBFF-E391FB2E663C}
	EndGlobalSection
EndGlobal
